lockfileVersion: '6.0'

importers:

  .:
    dependencies:
      '@hookform/resolvers':
        specifier: ^2.9.11
        version: 2.9.11(react-hook-form@7.43.3)
      '@tanstack/react-query':
        specifier: ^4.18.0
        version: 4.18.0(react-dom@18.2.0)(react@18.2.0)
      '@trpc/client':
        specifier: ^10.27.1
        version: 10.27.1(@trpc/server@10.27.1)
      '@trpc/next':
        specifier: ^10.27.1
        version: 10.27.1(@tanstack/react-query@4.18.0)(@trpc/client@10.27.1)(@trpc/react-query@10.27.1)(@trpc/server@10.27.1)(next@13.4.3)(react-dom@18.2.0)(react@18.2.0)
      '@trpc/react-query':
        specifier: ^10.27.1
        version: 10.27.1(@tanstack/react-query@4.18.0)(@trpc/client@10.27.1)(@trpc/server@10.27.1)(react-dom@18.2.0)(react@18.2.0)
      '@trpc/server':
        specifier: ^10.27.1
        version: 10.27.1
      '@types/node':
        specifier: ^18.7.20
        version: 18.7.20
      '@types/react':
        specifier: ^18.2.6
        version: 18.2.6
      '@types/react-dom':
        specifier: ^18.2.4
        version: 18.2.4
      next:
        specifier: ^13.4.3
        version: 13.4.3(react-dom@18.2.0)(react@18.2.0)
      react:
        specifier: ^18.2.0
        version: 18.2.0
      react-dom:
        specifier: ^18.2.0
        version: 18.2.0(react@18.2.0)
      react-hook-form:
        specifier: ^7.43.3
        version: 7.43.3(react@18.2.0)
      superjson:
        specifier: ^1.7.4
        version: 1.11.0
      trpc-api:
        specifier: link:./src/trpc
        version: link:src/trpc
      typescript:
        specifier: ^4.8.3
        version: 4.8.3
      zod:
        specifier: ^3.20.2
        version: 3.20.2

  src/trpc: {}

packages:

  /@hookform/resolvers@2.9.11(react-hook-form@7.43.3):
    resolution: {integrity: sha512-bA3aZ79UgcHj7tFV7RlgThzwSSHZgvfbt2wprldRkYBcMopdMvHyO17Wwp/twcJasNFischFfS7oz8Katz8DdQ==}
    peerDependencies:
      react-hook-form: ^7.0.0
    dependencies:
      react-hook-form: 7.43.3(react@18.2.0)
    dev: false

  /@next/env@13.4.3:
    resolution: {integrity: sha512-pa1ErjyFensznttAk3EIv77vFbfSYT6cLzVRK5jx4uiRuCQo+m2wCFAREaHKIy63dlgvOyMlzh6R8Inu8H3KrQ==}
    dev: false

  /@next/swc-darwin-arm64@13.4.3:
    resolution: {integrity: sha512-yx18udH/ZmR4Bw4M6lIIPE3JxsAZwo04iaucEfA2GMt1unXr2iodHUX/LAKNyi6xoLP2ghi0E+Xi1f4Qb8f1LQ==}
    engines: {node: '>= 10'}
    cpu: [arm64]
    os: [darwin]
    requiresBuild: true
    dev: false
    optional: true

  /@next/swc-darwin-x64@13.4.3:
    resolution: {integrity: sha512-Mi8xJWh2IOjryAM1mx18vwmal9eokJ2njY4nDh04scy37F0LEGJ/diL6JL6kTXi0UfUCGbMsOItf7vpReNiD2A==}
    engines: {node: '>= 10'}
    cpu: [x64]
    os: [darwin]
    requiresBuild: true
    dev: false
    optional: true

  /@next/swc-linux-arm64-gnu@13.4.3:
    resolution: {integrity: sha512-aBvtry4bxJ1xwKZ/LVPeBGBwWVwxa4bTnNkRRw6YffJnn/f4Tv4EGDPaVeYHZGQVA56wsGbtA6nZMuWs/EIk4Q==}
    engines: {node: '>= 10'}
    cpu: [arm64]
    os: [linux]
    requiresBuild: true
    dev: false
    optional: true

  /@next/swc-linux-arm64-musl@13.4.3:
    resolution: {integrity: sha512-krT+2G3kEsEUvZoYte3/2IscscDraYPc2B+fDJFipPktJmrv088Pei/RjrhWm5TMIy5URYjZUoDZdh5k940Dyw==}
    engines: {node: '>= 10'}
    cpu: [arm64]
    os: [linux]
    requiresBuild: true
    dev: false
    optional: true

  /@next/swc-linux-x64-gnu@13.4.3:
    resolution: {integrity: sha512-AMdFX6EKJjC0G/CM6hJvkY8wUjCcbdj3Qg7uAQJ7PVejRWaVt0sDTMavbRfgMchx8h8KsAudUCtdFkG9hlEClw==}
    engines: {node: '>= 10'}
    cpu: [x64]
    os: [linux]
    requiresBuild: true
    dev: false
    optional: true

  /@next/swc-linux-x64-musl@13.4.3:
    resolution: {integrity: sha512-jySgSXE48shaLtcQbiFO9ajE9mqz7pcAVLnVLvRIlUHyQYR/WyZdK8ehLs65Mz6j9cLrJM+YdmdJPyV4WDaz2g==}
    engines: {node: '>= 10'}
    cpu: [x64]
    os: [linux]
    requiresBuild: true
    dev: false
    optional: true

  /@next/swc-win32-arm64-msvc@13.4.3:
    resolution: {integrity: sha512-5DxHo8uYcaADiE9pHrg8o28VMt/1kR8voDehmfs9AqS0qSClxAAl+CchjdboUvbCjdNWL1MISCvEfKY2InJ3JA==}
    engines: {node: '>= 10'}
    cpu: [arm64]
    os: [win32]
    requiresBuild: true
    dev: false
    optional: true

  /@next/swc-win32-ia32-msvc@13.4.3:
    resolution: {integrity: sha512-LaqkF3d+GXRA5X6zrUjQUrXm2MN/3E2arXBtn5C7avBCNYfm9G3Xc646AmmmpN3DJZVaMYliMyCIQCMDEzk80w==}
    engines: {node: '>= 10'}
    cpu: [ia32]
    os: [win32]
    requiresBuild: true
    dev: false
    optional: true

  /@next/swc-win32-x64-msvc@13.4.3:
    resolution: {integrity: sha512-jglUk/x7ZWeOJWlVoKyIAkHLTI+qEkOriOOV+3hr1GyiywzcqfI7TpFSiwC7kk1scOiH7NTFKp8mA3XPNO9bDw==}
    engines: {node: '>= 10'}
    cpu: [x64]
    os: [win32]
    requiresBuild: true
    dev: false
    optional: true

  /@swc/helpers@0.5.1:
    resolution: {integrity: sha512-sJ902EfIzn1Fa+qYmjdQqh8tPsoxyBz+8yBKC2HKUxyezKJFwPGOn7pv4WY6QuQW//ySQi5lJjA/ZT9sNWWNTg==}
    dependencies:
      tslib: 2.5.0
    dev: false

  /@tanstack/query-core@4.18.0:
    resolution: {integrity: sha512-PP4mG8MD08sq64RZCqMfXMYfaj7+Oulwg7xZ/fJoEOdTZNcPIgaOkHajZvUBsNLbi/0ViMvJB4cFkL2Jg2WPbw==}
    dev: false

  /@tanstack/react-query@4.18.0(react-dom@18.2.0)(react@18.2.0):
    resolution: {integrity: sha512-s1kdbGMdVcfUIllzsHUqVUdktBT5uuIRgnvrqFNLjl9TSOXEoBSDrhjsGjao0INQZv8cMpQlgOh3YH9YtN6cKw==}
    peerDependencies:
      react: ^16.8.0 || ^17.0.0 || ^18.0.0
      react-dom: ^16.8.0 || ^17.0.0 || ^18.0.0
      react-native: '*'
    peerDependenciesMeta:
      react-dom:
        optional: true
      react-native:
        optional: true
    dependencies:
      '@tanstack/query-core': 4.18.0
      react: 18.2.0
      react-dom: 18.2.0(react@18.2.0)
      use-sync-external-store: 1.2.0(react@18.2.0)
    dev: false

  /@trpc/client@10.27.1(@trpc/server@10.27.1):
    resolution: {integrity: sha512-e9Syj6F41OHDSUg3JvT67fgoD22UbxPzYgp9Bno13NFpyeJc6vkXRlAgDc8ZuouqUPQuouJWll/I90CsuxEqvA==}
    peerDependencies:
      '@trpc/server': 10.27.1
    dependencies:
      '@trpc/server': 10.27.1
    dev: false

  /@trpc/next@10.27.1(@tanstack/react-query@4.18.0)(@trpc/client@10.27.1)(@trpc/react-query@10.27.1)(@trpc/server@10.27.1)(next@13.4.3)(react-dom@18.2.0)(react@18.2.0):
    resolution: {integrity: sha512-3aMGjhJXiJOj/tjqkyMot3x/nbxbHeEcCWjgYiCHmiXVk9h9liIG73f2is8jWEPs3o/eJ+eNwNSzkfhrhIWq2g==}
    peerDependencies:
      '@tanstack/react-query': ^4.18.0
      '@trpc/client': 10.27.1
      '@trpc/react-query': 10.27.1
      '@trpc/server': 10.27.1
      next: '*'
      react: '>=16.8.0'
      react-dom: '>=16.8.0'
    dependencies:
      '@tanstack/react-query': 4.18.0(react-dom@18.2.0)(react@18.2.0)
      '@trpc/client': 10.27.1(@trpc/server@10.27.1)
      '@trpc/react-query': 10.27.1(@tanstack/react-query@4.18.0)(@trpc/client@10.27.1)(@trpc/server@10.27.1)(react-dom@18.2.0)(react@18.2.0)
      '@trpc/server': 10.27.1
      next: 13.4.3(react-dom@18.2.0)(react@18.2.0)
      react: 18.2.0
      react-dom: 18.2.0(react@18.2.0)
      react-ssr-prepass: 1.5.0(react@18.2.0)
    dev: false

  /@trpc/react-query@10.27.1(@tanstack/react-query@4.18.0)(@trpc/client@10.27.1)(@trpc/server@10.27.1)(react-dom@18.2.0)(react@18.2.0):
    resolution: {integrity: sha512-6Q6B5cGKvxnmy/B5VsOjOG4sBl19VJJrGloFp93jc3Hq3+EfniOssdoA81VLI3fInif8ns0Z4jgWUIpq8741cA==}
    peerDependencies:
      '@tanstack/react-query': ^4.18.0
      '@trpc/client': 10.27.1
      '@trpc/server': 10.27.1
      react: '>=16.8.0'
      react-dom: '>=16.8.0'
    dependencies:
      '@tanstack/react-query': 4.18.0(react-dom@18.2.0)(react@18.2.0)
      '@trpc/client': 10.27.1(@trpc/server@10.27.1)
      '@trpc/server': 10.27.1
      react: 18.2.0
      react-dom: 18.2.0(react@18.2.0)
    dev: false

  /@trpc/server@10.27.1:
    resolution: {integrity: sha512-oMTNpei0+CAet0BuDdBE9cup0SseJAOlWRhWhcTAU05rETsJnzCA5DfNkf+aP3XiAM8rMJfrTfC0Z3aeADhHaA==}
    dev: false

  /@types/node@18.7.20:
    resolution: {integrity: sha512-adzY4vLLr5Uivmx8+zfSJ5fbdgKxX8UMtjtl+17n0B1q1Nz8JEmE151vefMdpD+1gyh+77weN4qEhej/O7budQ==}
    dev: false

  /@types/prop-types@15.7.5:
    resolution: {integrity: sha512-JCB8C6SnDoQf0cNycqd/35A7MjcnK+ZTqE7judS6o7utxUCg6imJg3QK2qzHKszlTjcj2cn+NwMB2i96ubpj7w==}
    dev: false

  /@types/react-dom@18.2.4:
    resolution: {integrity: sha512-G2mHoTMTL4yoydITgOGwWdWMVd8sNgyEP85xVmMKAPUBwQWm9wBPQUmvbeF4V3WBY1P7mmL4BkjQ0SqUpf1snw==}
    dependencies:
      '@types/react': 18.2.6
    dev: false

  /@types/react@18.2.6:
    resolution: {integrity: sha512-wRZClXn//zxCFW+ye/D2qY65UsYP1Fpex2YXorHc8awoNamkMZSvBxwxdYVInsHOZZd2Ppq8isnSzJL5Mpf8OA==}
    dependencies:
      '@types/prop-types': 15.7.5
      '@types/scheduler': 0.16.2
      csstype: 3.1.1
    dev: false

  /@types/scheduler@0.16.2:
    resolution: {integrity: sha512-hppQEBDmlwhFAXKJX2KnWLYu5yMfi91yazPb2l+lbJiwW+wdo1gNeRA+3RgNSO39WYX2euey41KEwnqesU2Jew==}
    dev: false

  /busboy@1.6.0:
    resolution: {integrity: sha512-8SFQbg/0hQ9xy3UNTB0YEnsNBbWfhf7RtnzpL7TkBiTBRfrQ9Fxcnz7VJsleJpyp6rVLvXiuORqjlHi5q+PYuA==}
    engines: {node: '>=10.16.0'}
    dependencies:
      streamsearch: 1.1.0
    dev: false

  /caniuse-lite@1.0.30001486:
    resolution: {integrity: sha512-uv7/gXuHi10Whlj0pp5q/tsK/32J2QSqVRKQhs2j8VsDCjgyruAh/eEXHF822VqO9yT6iZKw3nRwZRSPBE9OQg==}
    dev: false

  /client-only@0.0.1:
    resolution: {integrity: sha512-IV3Ou0jSMzZrd3pZ48nLkT9DA7Ag1pnPzaiQhpW7c3RbcqqzvzzVu+L8gfqMp/8IM2MQtSiqaCxrrcfu8I8rMA==}
    dev: false

  /copy-anything@3.0.2:
    resolution: {integrity: sha512-CzATjGXzUQ0EvuvgOCI6A4BGOo2bcVx8B+eC2nF862iv9fopnPQwlrbACakNCHRIJbCSBj+J/9JeDf60k64MkA==}
    engines: {node: '>=12.13'}
    dependencies:
      is-what: 4.1.7
    dev: false

  /csstype@3.1.1:
    resolution: {integrity: sha512-DJR/VvkAvSZW9bTouZue2sSxDwdTN92uHjqeKVm+0dAqdfNykRzQ95tay8aXMBAAPpUiq4Qcug2L7neoRh2Egw==}
    dev: false

  /is-what@4.1.7:
    resolution: {integrity: sha512-DBVOQNiPKnGMxRMLIYSwERAS5MVY1B7xYiGnpgctsOFvVDz9f9PFXXxMcTOHuoqYp4NK9qFYQaIC1NRRxLMpBQ==}
    engines: {node: '>=12.13'}
    dev: false

  /js-tokens@4.0.0:
    resolution: {integrity: sha512-RdJUflcE3cUzKiMqQgsCu06FPu9UdIJO0beYbPhHN4k6apgJtifcoCtT9bcxOpYBtpD2kCM6Sbzg4CausW/PKQ==}
    dev: false

  /loose-envify@1.4.0:
    resolution: {integrity: sha512-lyuxPGr/Wfhrlem2CL/UcnUc1zcqKAImBDzukY7Y5F/yQiNdko6+fRLevlw1HgMySw7f611UIY408EtxRSoK3Q==}
    hasBin: true
    dependencies:
      js-tokens: 4.0.0
    dev: false

  /nanoid@3.3.4:
    resolution: {integrity: sha512-MqBkQh/OHTS2egovRtLk45wEyNXwF+cokD+1YPf9u5VfJiRdAiRwB2froX5Co9Rh20xs4siNPm8naNotSD6RBw==}
    engines: {node: ^10 || ^12 || ^13.7 || ^14 || >=15.0.1}
    hasBin: true
    dev: false

  /next@13.4.3(react-dom@18.2.0)(react@18.2.0):
    resolution: {integrity: sha512-FV3pBrAAnAIfOclTvncw9dDohyeuEEXPe5KNcva91anT/rdycWbgtu3IjUj4n5yHnWK8YEPo0vrUecHmnmUNbA==}
    engines: {node: '>=16.8.0'}
    hasBin: true
    peerDependencies:
      '@opentelemetry/api': ^1.1.0
      fibers: '>= 3.1.0'
      node-sass: ^6.0.0 || ^7.0.0
      react: ^18.2.0
      react-dom: ^18.2.0
      sass: ^1.3.0
    peerDependenciesMeta:
      '@opentelemetry/api':
        optional: true
      fibers:
        optional: true
      node-sass:
        optional: true
      sass:
        optional: true
    dependencies:
      '@next/env': 13.4.3
      '@swc/helpers': 0.5.1
      busboy: 1.6.0
      caniuse-lite: 1.0.30001486
      postcss: 8.4.14
      react: 18.2.0
      react-dom: 18.2.0(react@18.2.0)
      styled-jsx: 5.1.1(react@18.2.0)
      zod: 3.21.4
    optionalDependencies:
      '@next/swc-darwin-arm64': 13.4.3
      '@next/swc-darwin-x64': 13.4.3
      '@next/swc-linux-arm64-gnu': 13.4.3
      '@next/swc-linux-arm64-musl': 13.4.3
      '@next/swc-linux-x64-gnu': 13.4.3
      '@next/swc-linux-x64-musl': 13.4.3
      '@next/swc-win32-arm64-msvc': 13.4.3
      '@next/swc-win32-ia32-msvc': 13.4.3
      '@next/swc-win32-x64-msvc': 13.4.3
    transitivePeerDependencies:
      - '@babel/core'
      - babel-plugin-macros
    dev: false

  /picocolors@1.0.0:
    resolution: {integrity: sha512-1fygroTLlHu66zi26VoTDv8yRgm0Fccecssto+MhsZ0D/DGW2sm8E8AjW7NU5VVTRt5GxbeZ5qBuJr+HyLYkjQ==}
    dev: false

  /postcss@8.4.14:
    resolution: {integrity: sha512-E398TUmfAYFPBSdzgeieK2Y1+1cpdxJx8yXbK/m57nRhKSmk1GB2tO4lbLBtlkfPQTDKfe4Xqv1ASWPpayPEig==}
    engines: {node: ^10 || ^12 || >=14}
    dependencies:
      nanoid: 3.3.4
      picocolors: 1.0.0
      source-map-js: 1.0.2
    dev: false

  /react-dom@18.2.0(react@18.2.0):
    resolution: {integrity: sha512-6IMTriUmvsjHUjNtEDudZfuDQUoWXVxKHhlEGSk81n4YFS+r/Kl99wXiwlVXtPBtJenozv2P+hxDsw9eA7Xo6g==}
    peerDependencies:
      react: ^18.2.0
    dependencies:
      loose-envify: 1.4.0
      react: 18.2.0
      scheduler: 0.23.0
    dev: false

  /react-hook-form@7.43.3(react@18.2.0):
    resolution: {integrity: sha512-LV6Fixh+hirrl6dXbM78aB6n//82aKbsNbcofF3wc6nx1UJLu3Jj/gsg1E5C9iISnLX+du8VTUyBUz2aCy+H7w==}
    engines: {node: '>=12.22.0'}
    peerDependencies:
      react: ^16.8.0 || ^17 || ^18
    dependencies:
      react: 18.2.0
    dev: false

  /react-ssr-prepass@1.5.0(react@18.2.0):
    resolution: {integrity: sha512-yFNHrlVEReVYKsLI5lF05tZoHveA5pGzjFbFJY/3pOqqjGOmMmqx83N4hIjN2n6E1AOa+eQEUxs3CgRnPmT0RQ==}
    peerDependencies:
      react: ^16.8.0 || ^17.0.0 || ^18.0.0
    dependencies:
      react: 18.2.0
    dev: false

  /react@18.2.0:
    resolution: {integrity: sha512-/3IjMdb2L9QbBdWiW5e3P2/npwMBaU9mHCSCUzNln0ZCYbcfTsGbTJrU/kGemdH2IWmB2ioZ+zkxtmq6g09fGQ==}
    engines: {node: '>=0.10.0'}
    dependencies:
      loose-envify: 1.4.0
    dev: false

  /scheduler@0.23.0:
    resolution: {integrity: sha512-CtuThmgHNg7zIZWAXi3AsyIzA3n4xx7aNyjwC2VJldO2LMVDhFK+63xGqq6CsJH4rTAt6/M+N4GhZiDYPx9eUw==}
    dependencies:
      loose-envify: 1.4.0
    dev: false

  /source-map-js@1.0.2:
    resolution: {integrity: sha512-R0XvVJ9WusLiqTCEiGCmICCMplcCkIwwR11mOSD9CR5u+IXYdiseeEuXCVAjS54zqwkLcPNnmU4OeJ6tUrWhDw==}
    engines: {node: '>=0.10.0'}
    dev: false

  /streamsearch@1.1.0:
    resolution: {integrity: sha512-Mcc5wHehp9aXz1ax6bZUyY5afg9u2rv5cqQI3mRrYkGC8rW2hM02jWuwjtL++LS5qinSyhj2QfLyNsuc+VsExg==}
    engines: {node: '>=10.0.0'}
    dev: false

  /styled-jsx@5.1.1(react@18.2.0):
    resolution: {integrity: sha512-pW7uC1l4mBZ8ugbiZrcIsiIvVx1UmTfw7UkC3Um2tmfUq9Bhk8IiyEIPl6F8agHgjzku6j0xQEZbfA5uSgSaCw==}
    engines: {node: '>= 12.0.0'}
    peerDependencies:
      '@babel/core': '*'
      babel-plugin-macros: '*'
      react: '>= 16.8.0 || 17.x.x || ^18.0.0-0'
    peerDependenciesMeta:
      '@babel/core':
        optional: true
      babel-plugin-macros:
        optional: true
    dependencies:
      client-only: 0.0.1
      react: 18.2.0
    dev: false

  /superjson@1.11.0:
    resolution: {integrity: sha512-6PfAg1FKhqkwWvPb2uXhH4MkMttdc17eJ91+Aoz4s1XUEDZFmLfFx/xVA3wgkPxAGy5dpozgGdK6V/n20Wj9yg==}
    engines: {node: '>=10'}
    dependencies:
      copy-anything: 3.0.2
    dev: false

  /tslib@2.5.0:
    resolution: {integrity: sha512-336iVw3rtn2BUK7ORdIAHTyxHGRIHVReokCR3XjbckJMK7ms8FysBfhLR8IXnAgy7T0PTPNBWKiH514FOW/WSg==}
    dev: false

  /typescript@4.8.3:
    resolution: {integrity: sha512-goMHfm00nWPa8UvR/CPSvykqf6dVV8x/dp0c5mFTMTIu0u0FlGWRioyy7Nn0PGAdHxpJZnuO/ut+PpQ8UiHAig==}
    engines: {node: '>=4.2.0'}
    hasBin: true
    dev: false

  /use-sync-external-store@1.2.0(react@18.2.0):
    resolution: {integrity: sha512-eEgnFxGQ1Ife9bzYs6VLi8/4X6CObHMw9Qr9tPY43iKwsPw8xE8+EFsf/2cFZ5S3esXgpWgtSCtLNS41F+sKPA==}
    peerDependencies:
      react: ^16.8.0 || ^17.0.0 || ^18.0.0
    dependencies:
      react: 18.2.0
    dev: false

  /zod@3.20.2:
    resolution: {integrity: sha512-1MzNQdAvO+54H+EaK5YpyEy0T+Ejo/7YLHS93G3RnYWh5gaotGHwGeN/ZO687qEDU2y4CdStQYXVHIgrUl5UVQ==}
    dev: false

  /zod@3.21.4:
    resolution: {integrity: sha512-m46AKbrzKVzOzs/DZgVnG5H55N1sv1M8qZU3A8RIKbs3mrACDNeIOeilDymVb2HdmP8uwshOCF4uJ8uM9rCqJw==}
    dev: false
