# THIS IS AN AUTOGENERATED FILE. DO NOT EDIT THIS FILE DIRECTLY.
# yarn lockfile v1


"@mdx-js/react@^1.6.22":
  version "1.6.22"
  resolved "https://registry.npmjs.org/@mdx-js/react/-/react-1.6.22.tgz#ae09b4744fddc74714ee9f9d6f17a66e77c43573"
  integrity sha512-TDoPum4SHdfPiGSAaRBw7ECyI8VaHpK8GJugbJIJuqyh6kzw9ZLJZW3HGL3NNrJGxcAixUvqROm+YuQOo5eXtg==

clsx@^1.1.1:
  version "1.1.1"
  resolved "https://registry.npmjs.org/clsx/-/clsx-1.1.1.tgz#98b3134f9abbdf23b2663491ace13c5c03a73188"
  integrity sha512-6/bPho624p3S2pMyvP5kKBPXnI3ufHLObBFCfgx+LkeR5lg2XYy2hqZqUf45ypD8COn2bhgGJSUE+l5dhNBieA==

github-buttons@^2.8.0:
  version "2.14.2"
  resolved "https://registry.npmjs.org/github-buttons/-/github-buttons-2.14.2.tgz#cb745afdc8769f6246f49f75138bcefeb09fc14b"
  integrity sha512-DMakrcFRdojVAndkKYVDTHF3Ym09OoWia//IQ7B/MVxC+iQ2DenYfD7IR69ZZ9awM8PNS/9wthr4IyDhkFJ4mg==

"js-tokens@^3.0.0 || ^4.0.0":
  version "4.0.0"
  resolved "https://registry.npmjs.org/js-tokens/-/js-tokens-4.0.0.tgz#19203fb59991df98e3a287050d4647cdeaf32499"
  integrity sha512-RdJUflcE3cUzKiMqQgsCu06FPu9UdIJO0beYbPhHN4k6apgJtifcoCtT9bcxOpYBtpD2kCM6Sbzg4CausW/PKQ==

loose-envify@^1.1.0:
  version "1.4.0"
  resolved "https://registry.npmjs.org/loose-envify/-/loose-envify-1.4.0.tgz#71ee51fa7be4caec1a63839f7e682d8132d30caf"
  integrity sha512-lyuxPGr/Wfhrlem2CL/UcnUc1zcqKAImBDzukY7Y5F/yQiNdko6+fRLevlw1HgMySw7f611UIY408EtxRSoK3Q==
  dependencies:
    js-tokens "^3.0.0 || ^4.0.0"

object-assign@^4.1.1:
  version "4.1.1"
  resolved "https://registry.npmjs.org/object-assign/-/object-assign-4.1.1.tgz#2109adc7965887cfc05cbbd442cac8bfbb360863"
  integrity sha1-IQmtx5ZYh8/AXLvUQsrIv7s2CGM=

react-dom@^17.0.2:
  version "17.0.2"
  resolved "https://registry.npmjs.org/react-dom/-/react-dom-17.0.2.tgz#ecffb6845e3ad8dbfcdc498f0d0a939736502c23"
  integrity sha512-s4h96KtLDUQlsENhMn1ar8t2bEa+q/YAtj8pPPdIjPDGBDIVNsrD9aXNWqspUe6AzKCIG0C1HZZLqLV7qpOBGA==
  dependencies:
    loose-envify "^1.1.0"
    object-assign "^4.1.1"
    scheduler "^0.20.2"

react-github-btn@^1.2.1:
  version "1.2.1"
  resolved "https://registry.npmjs.org/react-github-btn/-/react-github-btn-1.2.1.tgz#ece93f609a4bad5e7eb9f47ae49bfaba69466dce"
  integrity sha512-/gXD01mHAOhW0xYuNJFDn08OGjaMXOjcg6GCKVPdHvQcWzswH4aT85DLDAAJ6Zhw/71veSIH4Kx1BTBfy69SsA==
  dependencies:
    github-buttons "^2.8.0"

react@^17.0.2:
  version "17.0.2"
  resolved "https://registry.npmjs.org/react/-/react-17.0.2.tgz#d0b5cc516d29eb3eee383f75b62864cfb6800037"
  integrity sha512-gnhPt75i/dq/z3/6q/0asP78D0u592D5L1pd7M8P+dck6Fu/jJeL6iVVK23fptSUZj8Vjf++7wXA8UNclGQcbA==
  dependencies:
    loose-envify "^1.1.0"
    object-assign "^4.1.1"

scheduler@^0.20.2:
  version "0.20.2"
  resolved "https://registry.npmjs.org/scheduler/-/scheduler-0.20.2.tgz#4baee39436e34aa93b4874bddcbf0fe8b8b50e91"
  integrity sha512-2eWfGgAqqWFGqtdMmcL5zCMK1U8KlXv8SQFGglL3CEtd0aDVDWgeF/YoCmvln55m5zSk3J/20hTaSBeSObsQDQ==
  dependencies:
    loose-envify "^1.1.0"
    object-assign "^4.1.1"
