lockfileVersion: 5.4

overrides:
  '@trpc/client': link:../../../packages/client
  '@trpc/server': link:../../../packages/server

importers:

  .:
    specifiers:
      '@trpc/client': link:../../../packages/client
      '@trpc/server': link:../../../packages/server
      typescript: 4.9.5
    dependencies:
      '@trpc/client': link:../../../packages/client
      '@trpc/server': link:../../../packages/server
    devDependencies:
      typescript: 4.9.5

  packages/client:
    specifiers:
      '@acme/server': workspace:*
      '@trpc/client': link:../../../../../packages/client
      '@trpc/server': link:../../../../../packages/server
      '@tsconfig/node-lts-strictest-esm': 18.12.1
      '@types/node': 18.13.0
      typescript: 4.9.5
    dependencies:
      '@acme/server': link:../server
      '@trpc/client': link:../../../../../packages/client
      '@trpc/server': link:../../../../../packages/server
    devDependencies:
      '@tsconfig/node-lts-strictest-esm': 18.12.1
      '@types/node': 18.13.0
      typescript: 4.9.5

  packages/server:
    specifiers:
      '@trpc/server': link:../../../../../packages/server
      '@tsconfig/node-lts-strictest-esm': 18.12.1
      '@types/node': 18.13.0
      typescript: 4.9.5
    dependencies:
      '@trpc/server': link:../../../../../packages/server
    devDependencies:
      '@tsconfig/node-lts-strictest-esm': 18.12.1
      '@types/node': 18.13.0
      typescript: 4.9.5

packages:

  /@tsconfig/node-lts-strictest-esm/18.12.1:
    resolution: {integrity: sha512-LvBLmaC6Q/txTddLc11OeMHF9XjJFzlilkETJuvBlUvHy9pPiMsoH3nxWZM1FMSO53zp4mJP6gzOzxKEq0me7Q==}
    dev: true

  /@types/node/18.13.0:
    resolution: {integrity: sha512-gC3TazRzGoOnoKAhUx+Q0t8S9Tzs74z7m0ipwGpSqQrleP14hKxP4/JUeEQcD3W1/aIpnWl8pHowI7WokuZpXg==}
    dev: true

  /typescript/4.9.5:
    resolution: {integrity: sha512-1FXk9E2Hm+QzZQ7z+McJiHL4NW1F2EzMu9Nq9i3zAaGqibafqYwCVU6WyWAuyQRRzOlxou8xZSyXLEN8oKj24g==}
    engines: {node: '>=4.2.0'}
    hasBin: true
    dev: true
